// !$*UTF8*$!
{
	archiveVersion = 1;
	classes = {
	};
	objectVersion = 46;
	objects = {

/* Begin PBXBuildFile section */
		5C77E3601C79686A008F927E /* AppDelegate.swift in Sources */ = {isa = PBXBuildFile; fileRef = 5C77E35F1C79686A008F927E /* AppDelegate.swift */; };
		5C77E3621C79686A008F927E /* ViewController.swift in Sources */ = {isa = PBXBuildFile; fileRef = 5C77E3611C79686A008F927E /* ViewController.swift */; };
		5C77E3651C79686A008F927E /* Main.storyboard in Resources */ = {isa = PBXBuildFile; fileRef = 5C77E3631C79686A008F927E /* Main.storyboard */; };
		5C77E3671C79686A008F927E /* Assets.xcassets in Resources */ = {isa = PBXBuildFile; fileRef = 5C77E3661C79686A008F927E /* Assets.xcassets */; };
		5C77E36A1C79686A008F927E /* LaunchScreen.storyboard in Resources */ = {isa = PBXBuildFile; fileRef = 5C77E3681C79686A008F927E /* LaunchScreen.storyboard */; };
/* End PBXBuildFile section */

/* Begin PBXFileReference section */
		5C77E35C1C79686A008F927E /* LoveFinder.app */ = {isa = PBXFileReference; explicitFileType = wrapper.application; includeInIndex = 0; path = LoveFinder.app; sourceTree = BUILT_PRODUCTS_DIR; };
		5C77E35F1C79686A008F927E /* AppDelegate.swift */ = {isa = PBXFileReference; lastKnownFileType = sourcecode.swift; path = AppDelegate.swift; sourceTree = "<group>"; };
		5C77E3611C79686A008F927E /* ViewController.swift */ = {isa = PBXFileReference; lastKnownFileType = sourcecode.swift; path = ViewController.swift; sourceTree = "<group>"; };
		5C77E3641C79686A008F927E /* Base */ = {isa = PBXFileReference; lastKnownFileType = file.storyboard; name = Base; path = Base.lproj/Main.storyboard; sourceTree = "<group>"; };
		5C77E3661C79686A008F927E /* Assets.xcassets */ = {isa = PBXFileReference; lastKnownFileType = folder.assetcatalog; path = Assets.xcassets; sourceTree = "<group>"; };
		5C77E3691C79686A008F927E /* Base */ = {isa = PBXFileReference; lastKnownFileType = file.storyboard; name = Base; path = Base.lproj/LaunchScreen.storyboard; sourceTree = "<group>"; };
		5C77E36B1C79686A008F927E /* Info.plist */ = {isa = PBXFileReference; lastKnownFileType = text.plist.xml; path = Info.plist; sourceTree = "<group>"; };
/* End PBXFileReference section */

/* Begin PBXFrameworksBuildPhase section */
		5C77E3591C79686A008F927E /* Frameworks */ = {
			isa = PBXFrameworksBuildPhase;
			buildActionMask = 2147483647;
			files = (
			);
			runOnlyForDeploymentPostprocessing = 0;
		};
/* End PBXFrameworksBuildPhase section */

/* Begin PBXGroup section */
		5C77E3531C79686A008F927E = {
			isa = PBXGroup;
			children = (
				5C77E35E1C79686A008F927E /* LoveFinder */,
				5C77E35D1C79686A008F927E /* Products */,
			);
			sourceTree = "<group>";
		};
		5C77E35D1C79686A008F927E /* Products */ = {
			isa = PBXGroup;
			children = (
				5C77E35C1C79686A008F927E /* LoveFinder.app */,
			);
			name = Products;
			sourceTree = "<group>";
		};
		5C77E35E1C79686A008F927E /* LoveFinder */ = {
			isa = PBXGroup;
			children = (
				5C77E35F1C79686A008F927E /* AppDelegate.swift */,
				5C77E3611C79686A008F927E /* ViewController.swift */,
				5C77E3631C79686A008F927E /* Main.storyboard */,
				5C77E3661C79686A008F927E /* Assets.xcassets */,
				5C77E3681C79686A008F927E /* LaunchScreen.storyboard */,
				5C77E36B1C79686A008F927E /* Info.plist */,
			);
			path = LoveFinder;
			sourceTree = "<group>";
		};
/* End PBXGroup section */

/* Begin PBXNativeTarget section */
		5C77E35B1C79686A008F927E /* LoveFinder */ = {
			isa = PBXNativeTarget;
			buildConfigurationList = 5C77E36E1C79686A008F927E /* Build configuration list for PBXNativeTarget "LoveFinder" */;
			buildPhases = (
				5C77E3581C79686A008F927E /* Sources */,
				5C77E3591C79686A008F927E /* Frameworks */,
				5C77E35A1C79686A008F927E /* Resources */,
			);
			buildRules = (
			);
			dependencies = (
			);
			name = LoveFinder;
			productName = LoveFinder;
			productReference = 5C77E35C1C79686A008F927E /* LoveFinder.app */;
			productType = "com.apple.product-type.application";
		};
/* End PBXNativeTarget section */

/* Begin PBXProject section */
		5C77E3541C79686A008F927E /* Project object */ = {
			isa = PBXProject;
			attributes = {
				LastSwiftUpdateCheck = 0720;
				LastUpgradeCheck = 0720;
				ORGANIZATIONNAME = chon;
				TargetAttributes = {
					5C77E35B1C79686A008F927E = {
						CreatedOnToolsVersion = 7.2;
						DevelopmentTeam = F79YP3RY39;
					};
				};
			};
			buildConfigurationList = 5C77E3571C79686A008F927E /* Build configuration list for PBXProject "LoveFinder" */;
			compatibilityVersion = "Xcode 3.2";
			developmentRegion = English;
			hasScannedForEncodings = 0;
			knownRegions = (
				en,
				Base,
			);
			mainGroup = 5C77E3531C79686A008F927E;
			productRefGroup = 5C77E35D1C79686A008F927E /* Products */;
			projectDirPath = "";
			projectRoot = "";
			targets = (
				5C77E35B1C79686A008F927E /* LoveFinder */,
			);
		};
/* End PBXProject section */

/* Begin PBXResourcesBuildPhase section */
		5C77E35A1C79686A008F927E /* Resources */ = {
			isa = PBXResourcesBuildPhase;
			buildActionMask = 2147483647;
			files = (
				5C77E36A1C79686A008F927E /* LaunchScreen.storyboard in Resources */,
				5C77E3671C79686A008F927E /* Assets.xcassets in Resources */,
				5C77E3651C79686A008F927E /* Main.storyboard in Resources */,
			);
			runOnlyForDeploymentPostprocessing = 0;
		};
/* End PBXResourcesBuildPhase section */

/* Begin PBXSourcesBuildPhase section */
		5C77E3581C79686A008F927E /* Sources */ = {
			isa = PBXSourcesBuildPhase;
			buildActionMask = 2147483647;
			files = (
				5C77E3621C79686A008F927E /* ViewController.swift in Sources */,
				5C77E3601C79686A008F927E /* AppDelegate.swift in Sources */,
			);
			runOnlyForDeploymentPostprocessing = 0;
		};
/* End PBXSourcesBuildPhase section */

/* Begin PBXVariantGroup section */
		5C77E3631C79686A008F927E /* Main.storyboard */ = {
			isa = PBXVariantGroup;
			children = (
				5C77E3641C79686A008F927E /* Base */,
			);
			name = Main.storyboard;
			sourceTree = "<group>";
		};
		5C77E3681C79686A008F927E /* LaunchScreen.storyboard */ = {
			isa = PBXVariantGroup;
			children = (
				5C77E3691C79686A008F927E /* Base */,
			);
			name = LaunchScreen.storyboard;
			sourceTree = "<group>";
		};
/* End PBXVariantGroup section */

/* Begin XCBuildConfiguration section */
		5C77E36C1C79686A008F927E /* Debug */ = {
			isa = XCBuildConfiguration;
			buildSettings = {
				ALWAYS_SEARCH_USER_PATHS = NO;
				CLANG_CXX_LANGUAGE_STANDARD = "gnu++0x";
				CLANG_CXX_LIBRARY = "libc++";
				CLANG_ENABLE_MODULES = YES;
				CLANG_ENABLE_OBJC_ARC = YES;
				CLANG_WARN_BOOL_CONVERSION = YES;
				CLANG_WARN_CONSTANT_CONVERSION = YES;
				CLANG_WARN_DIRECT_OBJC_ISA_USAGE = YES_ERROR;
				CLANG_WARN_EMPTY_BODY = YES;
				CLANG_WARN_ENUM_CONVERSION = YES;
				CLANG_WARN_INT_CONVERSION = YES;
				CLANG_WARN_OBJC_ROOT_CLASS = YES_ERROR;
				CLANG_WARN_UNREACHABLE_CODE = YES;
				CLANG_WARN__DUPLICATE_METHOD_MATCH = YES;
				"CODE_SIGN_IDENTITY[sdk=iphoneos*]" = "iPhone Developer";
				COPY_PHASE_STRIP = NO;
				DEBUG_INFORMATION_FORMAT = dwarf;
				ENABLE_STRICT_OBJC_MSGSEND = YES;
				ENABLE_TESTABILITY = YES;
				GCC_C_LANGUAGE_STANDARD = gnu99;
				GCC_DYNAMIC_NO_PIC = NO;
				GCC_NO_COMMON_BLOCKS = YES;
				GCC_OPTIMIZATION_LEVEL = 0;
				GCC_PREPROCESSOR_DEFINITIONS = (
					"DEBUG=1",
					"$(inherited)",
				);
				GCC_WARN_64_TO_32_BIT_CONVERSION = YES;
				GCC_WARN_ABOUT_RETURN_TYPE = YES_ERROR;
				GCC_WARN_UNDECLARED_SELECTOR = YES;
				GCC_WARN_UNINITIALIZED_AUTOS = YES_AGGRESSIVE;
				GCC_WARN_UNUSED_FUNCTION = YES;
				GCC_WARN_UNUSED_VARIABLE = YES;
				IPHONEOS_DEPLOYMENT_TARGET = 9.2;
				MTL_ENABLE_DEBUG_INFO = YES;
				ONLY_ACTIVE_ARCH = YES;
				SDKROOT = iphoneos;
				SWIFT_OPTIMIZATION_LEVEL = "-Onone";
			};
			name = Debug;
		};
		5C77E36D1C79686A008F927E /* Release */ = {
			isa = XCBuildConfiguration;
			buildSettings = {
				ALWAYS_SEARCH_USER_PATHS = NO;
				CLANG_CXX_LANGUAGE_STANDARD = "gnu++0x";
				CLANG_CXX_LIBRARY = "libc++";
				CLANG_ENABLE_MODULES = YES;
				CLANG_ENABLE_OBJC_ARC = YES;
				CLANG_WARN_BOOL_CONVERSION = YES;
				CLANG_WARN_CONSTANT_CONVERSION = YES;
				CLANG_WARN_DIRECT_OBJC_ISA_USAGE = YES_ERROR;
				CLANG_WARN_EMPTY_BODY = YES;
				CLANG_WARN_ENUM_CONVERSION = YES;
				CLANG_WARN_INT_CONVERSION = YES;
				CLANG_WARN_OBJC_ROOT_CLASS = YES_ERROR;
				CLANG_WARN_UNREACHABLE_CODE = YES;
				CLANG_WARN__DUPLICATE_METHOD_MATCH = YES;
				"CODE_SIGN_IDENTITY[sdk=iphoneos*]" = "iPhone Developer";
				COPY_PHASE_STRIP = NO;
				DEBUG_INFORMATION_FORMAT = "dwarf-with-dsym";
				ENABLE_NS_ASSERTIONS = NO;
				ENABLE_STRICT_OBJC_MSGSEND = YES;
				GCC_C_LANGUAGE_STANDARD = gnu99;
				GCC_NO_COMMON_BLOCKS = YES;
				GCC_WARN_64_TO_32_BIT_CONVERSION = YES;
				GCC_WARN_ABOUT_RETURN_TYPE = YES_ERROR;
				GCC_WARN_UNDECLARED_SELECTOR = YES;
				GCC_WARN_UNINITIALIZED_AUTOS = YES_AGGRESSIVE;
				GCC_WARN_UNUSED_FUNCTION = YES;
				GCC_WARN_UNUSED_VARIABLE = YES;
				IPHONEOS_DEPLOYMENT_TARGET = 9.2;
				MTL_ENABLE_DEBUG_INFO = NO;
				SDKROOT = iphoneos;
				VALIDATE_PRODUCT = YES;
			};
			name = Release;
		};
		5C77E36F1C79686A008F927E /* Debug */ = {
			isa = XCBuildConfiguration;
			buildSettings = {
				ASSETCATALOG_COMPILER_APPICON_NAME = AppIcon;
				INFOPLIST_FILE = LoveFinder/Info.plist;
				LD_RUNPATH_SEARCH_PATHS = "$(inherited) @executable_path/Frameworks";
				PRODUCT_BUNDLE_IDENTIFIER = me.chon.LoveFinder;
				PRODUCT_NAME = "$(TARGET_NAME)";
			};
			name = Debug;
		};
		5C77E3701C79686A008F927E /* Release */ = {
			isa = XCBuildConfiguration;
			buildSettings = {
				ASSETCATALOG_COMPILER_APPICON_NAME = AppIcon;
				INFOPLIST_FILE = LoveFinder/Info.plist;
				LD_RUNPATH_SEARCH_PATHS = "$(inherited) @executable_path/Frameworks";
				PRODUCT_BUNDLE_IDENTIFIER = me.chon.LoveFinder;
				PRODUCT_NAME = "$(TARGET_NAME)";
			};
			name = Release;
		};
/* End XCBuildConfiguration section */

/* Begin XCConfigurationList section */
		5C77E3571C79686A008F927E /* Build configuration list for PBXProject "LoveFinder" */ = {
			isa = XCConfigurationList;
			buildConfigurations = (
				5C77E36C1C79686A008F927E /* Debug */,
				5C77E36D1C79686A008F927E /* Release */,
			);
			defaultConfigurationIsVisible = 0;
			defaultConfigurationName = Release;
		};
		5C77E36E1C79686A008F927E /* Build configuration list for PBXNativeTarget "LoveFinder" */ = {
			isa = XCConfigurationList;
			buildConfigurations = (
				5C77E36F1C79686A008F927E /* Debug */,
				5C77E3701C79686A008F927E /* Release */,
			);
			defaultConfigurationIsVisible = 0;
		};
/* End XCConfigurationList section */
	};
	rootObject = 5C77E3541C79686A008F927E /* Project object */;
}
